
Microsoft Visual Studio Solution File, Format Version 12.00
# Visual Studio 15
VisualStudioVersion = 15.0.26403.7
MinimumVisualStudioVersion = 10.0.40219.1
Project("{FAE04EC0-301F-11D3-BF4B-00C04F79EFBC}") = "XamarinApp.Android", "XamarinApp\XamarinApp.Android\XamarinApp.Android.csproj", "{343E4AF8-A9B5-4551-89FF-B3EF67FD1E91}"
EndProject
Project("{FAE04EC0-301F-11D3-BF4B-00C04F79EFBC}") = "XamarinApp.iOS", "XamarinApp\XamarinApp.iOS\XamarinApp.iOS.csproj", "{09F23A47-1F82-4A7C-A399-0F11ED14E2AC}"
EndProject
Project("{FAE04EC0-301F-11D3-BF4B-00C04F79EFBC}") = "XamarinApp", "XamarinApp\XamarinApp\XamarinApp.csproj", "{6A47A78E-120D-47B8-B633-D32C114026AB}"
EndProject
Global
	GlobalSection(SolutionConfigurationPlatforms) = preSolution
		Ad-Hoc|Any CPU = Ad-Hoc|Any CPU
		Ad-Hoc|ARM = Ad-Hoc|ARM
		Ad-Hoc|iPhone = Ad-Hoc|iPhone
		Ad-Hoc|iPhoneSimulator = Ad-Hoc|iPhoneSimulator
		Ad-Hoc|x64 = Ad-Hoc|x64
		Ad-Hoc|x86 = Ad-Hoc|x86
		AppStore|Any CPU = AppStore|Any CPU
		AppStore|ARM = AppStore|ARM
		AppStore|iPhone = AppStore|iPhone
		AppStore|iPhoneSimulator = AppStore|iPhoneSimulator
		AppStore|x64 = AppStore|x64
		AppStore|x86 = AppStore|x86
		Debug|Any CPU = Debug|Any CPU
		Debug|ARM = Debug|ARM
		Debug|iPhone = Debug|iPhone
		Debug|iPhoneSimulator = Debug|iPhoneSimulator
		Debug|x64 = Debug|x64
		Debug|x86 = Debug|x86
		Release|Any CPU = Release|Any CPU
		Release|ARM = Release|ARM
		Release|iPhone = Release|iPhone
		Release|iPhoneSimulator = Release|iPhoneSimulator
		Release|x64 = Release|x64
		Release|x86 = Release|x86
	EndGlobalSection
	GlobalSection(ProjectConfigurationPlatforms) = postSolution
		{343E4AF8-A9B5-4551-89FF-B3EF67FD1E91}.Ad-Hoc|Any CPU.ActiveCfg = Release|Any CPU
		{343E4AF8-A9B5-4551-89FF-B3EF67FD1E91}.Ad-Hoc|Any CPU.Build.0 = Release|Any CPU
		{343E4AF8-A9B5-4551-89FF-B3EF67FD1E91}.Ad-Hoc|Any CPU.Deploy.0 = Release|Any CPU
		{343E4AF8-A9B5-4551-89FF-B3EF67FD1E91}.Ad-Hoc|ARM.ActiveCfg = Release|Any CPU
		{343E4AF8-A9B5-4551-89FF-B3EF67FD1E91}.Ad-Hoc|ARM.Build.0 = Release|Any CPU
		{343E4AF8-A9B5-4551-89FF-B3EF67FD1E91}.Ad-Hoc|ARM.Deploy.0 = Release|Any CPU
		{343E4AF8-A9B5-4551-89FF-B3EF67FD1E91}.Ad-Hoc|iPhone.ActiveCfg = Release|Any CPU
		{343E4AF8-A9B5-4551-89FF-B3EF67FD1E91}.Ad-Hoc|iPhone.Build.0 = Release|Any CPU
		{343E4AF8-A9B5-4551-89FF-B3EF67FD1E91}.Ad-Hoc|iPhone.Deploy.0 = Release|Any CPU
		{343E4AF8-A9B5-4551-89FF-B3EF67FD1E91}.Ad-Hoc|iPhoneSimulator.ActiveCfg = Release|Any CPU
		{343E4AF8-A9B5-4551-89FF-B3EF67FD1E91}.Ad-Hoc|iPhoneSimulator.Build.0 = Release|Any CPU
		{343E4AF8-A9B5-4551-89FF-B3EF67FD1E91}.Ad-Hoc|iPhoneSimulator.Deploy.0 = Release|Any CPU
		{343E4AF8-A9B5-4551-89FF-B3EF67FD1E91}.Ad-Hoc|x64.ActiveCfg = Release|Any CPU
		{343E4AF8-A9B5-4551-89FF-B3EF67FD1E91}.Ad-Hoc|x64.Build.0 = Release|Any CPU
		{343E4AF8-A9B5-4551-89FF-B3EF67FD1E91}.Ad-Hoc|x64.Deploy.0 = Release|Any CPU
		{343E4AF8-A9B5-4551-89FF-B3EF67FD1E91}.Ad-Hoc|x86.ActiveCfg = Release|Any CPU
		{343E4AF8-A9B5-4551-89FF-B3EF67FD1E91}.Ad-Hoc|x86.Build.0 = Release|Any CPU
		{343E4AF8-A9B5-4551-89FF-B3EF67FD1E91}.Ad-Hoc|x86.Deploy.0 = Release|Any CPU
		{343E4AF8-A9B5-4551-89FF-B3EF67FD1E91}.AppStore|Any CPU.ActiveCfg = Release|Any CPU
		{343E4AF8-A9B5-4551-89FF-B3EF67FD1E91}.AppStore|Any CPU.Build.0 = Release|Any CPU
		{343E4AF8-A9B5-4551-89FF-B3EF67FD1E91}.AppStore|Any CPU.Deploy.0 = Release|Any CPU
		{343E4AF8-A9B5-4551-89FF-B3EF67FD1E91}.AppStore|ARM.ActiveCfg = Release|Any CPU
		{343E4AF8-A9B5-4551-89FF-B3EF67FD1E91}.AppStore|ARM.Build.0 = Release|Any CPU
		{343E4AF8-A9B5-4551-89FF-B3EF67FD1E91}.AppStore|ARM.Deploy.0 = Release|Any CPU
		{343E4AF8-A9B5-4551-89FF-B3EF67FD1E91}.AppStore|iPhone.ActiveCfg = Release|Any CPU
		{343E4AF8-A9B5-4551-89FF-B3EF67FD1E91}.AppStore|iPhone.Build.0 = Release|Any CPU
		{343E4AF8-A9B5-4551-89FF-B3EF67FD1E91}.AppStore|iPhone.Deploy.0 = Release|Any CPU
		{343E4AF8-A9B5-4551-89FF-B3EF67FD1E91}.AppStore|iPhoneSimulator.ActiveCfg = Release|Any CPU
		{343E4AF8-A9B5-4551-89FF-B3EF67FD1E91}.AppStore|iPhoneSimulator.Build.0 = Release|Any CPU
		{343E4AF8-A9B5-4551-89FF-B3EF67FD1E91}.AppStore|iPhoneSimulator.Deploy.0 = Release|Any CPU
		{343E4AF8-A9B5-4551-89FF-B3EF67FD1E91}.AppStore|x64.ActiveCfg = Release|Any CPU
		{343E4AF8-A9B5-4551-89FF-B3EF67FD1E91}.AppStore|x64.Build.0 = Release|Any CPU
		{343E4AF8-A9B5-4551-89FF-B3EF67FD1E91}.AppStore|x64.Deploy.0 = Release|Any CPU
		{343E4AF8-A9B5-4551-89FF-B3EF67FD1E91}.AppStore|x86.ActiveCfg = Release|Any CPU
		{343E4AF8-A9B5-4551-89FF-B3EF67FD1E91}.AppStore|x86.Build.0 = Release|Any CPU
		{343E4AF8-A9B5-4551-89FF-B3EF67FD1E91}.AppStore|x86.Deploy.0 = Release|Any CPU
		{343E4AF8-A9B5-4551-89FF-B3EF67FD1E91}.Debug|Any CPU.ActiveCfg = Debug|Any CPU
		{343E4AF8-A9B5-4551-89FF-B3EF67FD1E91}.Debug|Any CPU.Build.0 = Debug|Any CPU
		{343E4AF8-A9B5-4551-89FF-B3EF67FD1E91}.Debug|Any CPU.Deploy.0 = Debug|Any CPU
		{343E4AF8-A9B5-4551-89FF-B3EF67FD1E91}.Debug|ARM.ActiveCfg = Debug|Any CPU
		{343E4AF8-A9B5-4551-89FF-B3EF67FD1E91}.Debug|ARM.Build.0 = Debug|Any CPU
		{343E4AF8-A9B5-4551-89FF-B3EF67FD1E91}.Debug|ARM.Deploy.0 = Debug|Any CPU
		{343E4AF8-A9B5-4551-89FF-B3EF67FD1E91}.Debug|iPhone.ActiveCfg = Debug|Any CPU
		{343E4AF8-A9B5-4551-89FF-B3EF67FD1E91}.Debug|iPhone.Build.0 = Debug|Any CPU
		{343E4AF8-A9B5-4551-89FF-B3EF67FD1E91}.Debug|iPhone.Deploy.0 = Debug|Any CPU
		{343E4AF8-A9B5-4551-89FF-B3EF67FD1E91}.Debug|iPhoneSimulator.ActiveCfg = Debug|Any CPU
		{343E4AF8-A9B5-4551-89FF-B3EF67FD1E91}.Debug|iPhoneSimulator.Build.0 = Debug|Any CPU
		{343E4AF8-A9B5-4551-89FF-B3EF67FD1E91}.Debug|iPhoneSimulator.Deploy.0 = Debug|Any CPU
		{343E4AF8-A9B5-4551-89FF-B3EF67FD1E91}.Debug|x64.ActiveCfg = Debug|Any CPU
		{343E4AF8-A9B5-4551-89FF-B3EF67FD1E91}.Debug|x64.Build.0 = Debug|Any CPU
		{343E4AF8-A9B5-4551-89FF-B3EF67FD1E91}.Debug|x64.Deploy.0 = Debug|Any CPU
		{343E4AF8-A9B5-4551-89FF-B3EF67FD1E91}.Debug|x86.ActiveCfg = Debug|Any CPU
		{343E4AF8-A9B5-4551-89FF-B3EF67FD1E91}.Debug|x86.Build.0 = Debug|Any CPU
		{343E4AF8-A9B5-4551-89FF-B3EF67FD1E91}.Debug|x86.Deploy.0 = Debug|Any CPU
		{343E4AF8-A9B5-4551-89FF-B3EF67FD1E91}.Release|Any CPU.ActiveCfg = Release|Any CPU
		{343E4AF8-A9B5-4551-89FF-B3EF67FD1E91}.Release|Any CPU.Build.0 = Release|Any CPU
		{343E4AF8-A9B5-4551-89FF-B3EF67FD1E91}.Release|Any CPU.Deploy.0 = Release|Any CPU
		{343E4AF8-A9B5-4551-89FF-B3EF67FD1E91}.Release|ARM.ActiveCfg = Release|Any CPU
		{343E4AF8-A9B5-4551-89FF-B3EF67FD1E91}.Release|ARM.Build.0 = Release|Any CPU
		{343E4AF8-A9B5-4551-89FF-B3EF67FD1E91}.Release|ARM.Deploy.0 = Release|Any CPU
		{343E4AF8-A9B5-4551-89FF-B3EF67FD1E91}.Release|iPhone.ActiveCfg = Release|Any CPU
		{343E4AF8-A9B5-4551-89FF-B3EF67FD1E91}.Release|iPhone.Build.0 = Release|Any CPU
		{343E4AF8-A9B5-4551-89FF-B3EF67FD1E91}.Release|iPhone.Deploy.0 = Release|Any CPU
		{343E4AF8-A9B5-4551-89FF-B3EF67FD1E91}.Release|iPhoneSimulator.ActiveCfg = Release|Any CPU
		{343E4AF8-A9B5-4551-89FF-B3EF67FD1E91}.Release|iPhoneSimulator.Build.0 = Release|Any CPU
		{343E4AF8-A9B5-4551-89FF-B3EF67FD1E91}.Release|iPhoneSimulator.Deploy.0 = Release|Any CPU
		{343E4AF8-A9B5-4551-89FF-B3EF67FD1E91}.Release|x64.ActiveCfg = Release|Any CPU
		{343E4AF8-A9B5-4551-89FF-B3EF67FD1E91}.Release|x64.Build.0 = Release|Any CPU
		{343E4AF8-A9B5-4551-89FF-B3EF67FD1E91}.Release|x64.Deploy.0 = Release|Any CPU
		{343E4AF8-A9B5-4551-89FF-B3EF67FD1E91}.Release|x86.ActiveCfg = Release|Any CPU
		{343E4AF8-A9B5-4551-89FF-B3EF67FD1E91}.Release|x86.Build.0 = Release|Any CPU
		{343E4AF8-A9B5-4551-89FF-B3EF67FD1E91}.Release|x86.Deploy.0 = Release|Any CPU
		{09F23A47-1F82-4A7C-A399-0F11ED14E2AC}.Ad-Hoc|Any CPU.ActiveCfg = Ad-Hoc|iPhone
		{09F23A47-1F82-4A7C-A399-0F11ED14E2AC}.Ad-Hoc|ARM.ActiveCfg = Ad-Hoc|iPhone
		{09F23A47-1F82-4A7C-A399-0F11ED14E2AC}.Ad-Hoc|iPhone.ActiveCfg = Ad-Hoc|iPhone
		{09F23A47-1F82-4A7C-A399-0F11ED14E2AC}.Ad-Hoc|iPhone.Build.0 = Ad-Hoc|iPhone
		{09F23A47-1F82-4A7C-A399-0F11ED14E2AC}.Ad-Hoc|iPhoneSimulator.ActiveCfg = Ad-Hoc|iPhoneSimulator
		{09F23A47-1F82-4A7C-A399-0F11ED14E2AC}.Ad-Hoc|iPhoneSimulator.Build.0 = Ad-Hoc|iPhoneSimulator
		{09F23A47-1F82-4A7C-A399-0F11ED14E2AC}.Ad-Hoc|x64.ActiveCfg = Ad-Hoc|iPhone
		{09F23A47-1F82-4A7C-A399-0F11ED14E2AC}.Ad-Hoc|x86.ActiveCfg = Ad-Hoc|iPhone
		{09F23A47-1F82-4A7C-A399-0F11ED14E2AC}.AppStore|Any CPU.ActiveCfg = AppStore|iPhone
		{09F23A47-1F82-4A7C-A399-0F11ED14E2AC}.AppStore|ARM.ActiveCfg = AppStore|iPhone
		{09F23A47-1F82-4A7C-A399-0F11ED14E2AC}.AppStore|iPhone.ActiveCfg = AppStore|iPhone
		{09F23A47-1F82-4A7C-A399-0F11ED14E2AC}.AppStore|iPhone.Build.0 = AppStore|iPhone
		{09F23A47-1F82-4A7C-A399-0F11ED14E2AC}.AppStore|iPhoneSimulator.ActiveCfg = AppStore|iPhoneSimulator
		{09F23A47-1F82-4A7C-A399-0F11ED14E2AC}.AppStore|iPhoneSimulator.Build.0 = AppStore|iPhoneSimulator
		{09F23A47-1F82-4A7C-A399-0F11ED14E2AC}.AppStore|x64.ActiveCfg = AppStore|iPhone
		{09F23A47-1F82-4A7C-A399-0F11ED14E2AC}.AppStore|x86.ActiveCfg = AppStore|iPhone
		{09F23A47-1F82-4A7C-A399-0F11ED14E2AC}.Debug|Any CPU.ActiveCfg = Debug|iPhone
		{09F23A47-1F82-4A7C-A399-0F11ED14E2AC}.Debug|ARM.ActiveCfg = Debug|iPhone
		{09F23A47-1F82-4A7C-A399-0F11ED14E2AC}.Debug|iPhone.ActiveCfg = Debug|iPhone
		{09F23A47-1F82-4A7C-A399-0F11ED14E2AC}.Debug|iPhone.Build.0 = Debug|iPhone
		{09F23A47-1F82-4A7C-A399-0F11ED14E2AC}.Debug|iPhoneSimulator.ActiveCfg = Debug|iPhoneSimulator
		{09F23A47-1F82-4A7C-A399-0F11ED14E2AC}.Debug|iPhoneSimulator.Build.0 = Debug|iPhoneSimulator
		{09F23A47-1F82-4A7C-A399-0F11ED14E2AC}.Debug|x64.ActiveCfg = Debug|iPhone
		{09F23A47-1F82-4A7C-A399-0F11ED14E2AC}.Debug|x86.ActiveCfg = Debug|iPhone
		{09F23A47-1F82-4A7C-A399-0F11ED14E2AC}.Release|Any CPU.ActiveCfg = Release|iPhone
		{09F23A47-1F82-4A7C-A399-0F11ED14E2AC}.Release|ARM.ActiveCfg = Release|iPhone
		{09F23A47-1F82-4A7C-A399-0F11ED14E2AC}.Release|iPhone.ActiveCfg = Release|iPhone
		{09F23A47-1F82-4A7C-A399-0F11ED14E2AC}.Release|iPhone.Build.0 = Release|iPhone
		{09F23A47-1F82-4A7C-A399-0F11ED14E2AC}.Release|iPhoneSimulator.ActiveCfg = Release|iPhoneSimulator
		{09F23A47-1F82-4A7C-A399-0F11ED14E2AC}.Release|iPhoneSimulator.Build.0 = Release|iPhoneSimulator
		{09F23A47-1F82-4A7C-A399-0F11ED14E2AC}.Release|x64.ActiveCfg = Release|iPhone
		{09F23A47-1F82-4A7C-A399-0F11ED14E2AC}.Release|x86.ActiveCfg = Release|iPhone
		{6A47A78E-120D-47B8-B633-D32C114026AB}.Ad-Hoc|Any CPU.ActiveCfg = Release|Any CPU
		{6A47A78E-120D-47B8-B633-D32C114026AB}.Ad-Hoc|Any CPU.Build.0 = Release|Any CPU
		{6A47A78E-120D-47B8-B633-D32C114026AB}.Ad-Hoc|ARM.ActiveCfg = Release|Any CPU
		{6A47A78E-120D-47B8-B633-D32C114026AB}.Ad-Hoc|ARM.Build.0 = Release|Any CPU
		{6A47A78E-120D-47B8-B633-D32C114026AB}.Ad-Hoc|iPhone.ActiveCfg = Release|Any CPU
		{6A47A78E-120D-47B8-B633-D32C114026AB}.Ad-Hoc|iPhone.Build.0 = Release|Any CPU
		{6A47A78E-120D-47B8-B633-D32C114026AB}.Ad-Hoc|iPhoneSimulator.ActiveCfg = Release|Any CPU
		{6A47A78E-120D-47B8-B633-D32C114026AB}.Ad-Hoc|iPhoneSimulator.Build.0 = Release|Any CPU
		{6A47A78E-120D-47B8-B633-D32C114026AB}.Ad-Hoc|x64.ActiveCfg = Release|Any CPU
		{6A47A78E-120D-47B8-B633-D32C114026AB}.Ad-Hoc|x64.Build.0 = Release|Any CPU
		{6A47A78E-120D-47B8-B633-D32C114026AB}.Ad-Hoc|x86.ActiveCfg = Release|Any CPU
		{6A47A78E-120D-47B8-B633-D32C114026AB}.Ad-Hoc|x86.Build.0 = Release|Any CPU
		{6A47A78E-120D-47B8-B633-D32C114026AB}.AppStore|Any CPU.ActiveCfg = Release|Any CPU
		{6A47A78E-120D-47B8-B633-D32C114026AB}.AppStore|Any CPU.Build.0 = Release|Any CPU
		{6A47A78E-120D-47B8-B633-D32C114026AB}.AppStore|ARM.ActiveCfg = Release|Any CPU
		{6A47A78E-120D-47B8-B633-D32C114026AB}.AppStore|ARM.Build.0 = Release|Any CPU
		{6A47A78E-120D-47B8-B633-D32C114026AB}.AppStore|iPhone.ActiveCfg = Release|Any CPU
		{6A47A78E-120D-47B8-B633-D32C114026AB}.AppStore|iPhone.Build.0 = Release|Any CPU
		{6A47A78E-120D-47B8-B633-D32C114026AB}.AppStore|iPhoneSimulator.ActiveCfg = Release|Any CPU
		{6A47A78E-120D-47B8-B633-D32C114026AB}.AppStore|iPhoneSimulator.Build.0 = Release|Any CPU
		{6A47A78E-120D-47B8-B633-D32C114026AB}.AppStore|x64.ActiveCfg = Release|Any CPU
		{6A47A78E-120D-47B8-B633-D32C114026AB}.AppStore|x64.Build.0 = Release|Any CPU
		{6A47A78E-120D-47B8-B633-D32C114026AB}.AppStore|x86.ActiveCfg = Release|Any CPU
		{6A47A78E-120D-47B8-B633-D32C114026AB}.AppStore|x86.Build.0 = Release|Any CPU
		{6A47A78E-120D-47B8-B633-D32C114026AB}.Debug|Any CPU.ActiveCfg = Debug|Any CPU
		{6A47A78E-120D-47B8-B633-D32C114026AB}.Debug|Any CPU.Build.0 = Debug|Any CPU
		{6A47A78E-120D-47B8-B633-D32C114026AB}.Debug|ARM.ActiveCfg = Debug|Any CPU
		{6A47A78E-120D-47B8-B633-D32C114026AB}.Debug|ARM.Build.0 = Debug|Any CPU
		{6A47A78E-120D-47B8-B633-D32C114026AB}.Debug|iPhone.ActiveCfg = Debug|Any CPU
		{6A47A78E-120D-47B8-B633-D32C114026AB}.Debug|iPhone.Build.0 = Debug|Any CPU
		{6A47A78E-120D-47B8-B633-D32C114026AB}.Debug|iPhoneSimulator.ActiveCfg = Debug|Any CPU
		{6A47A78E-120D-47B8-B633-D32C114026AB}.Debug|iPhoneSimulator.Build.0 = Debug|Any CPU
		{6A47A78E-120D-47B8-B633-D32C114026AB}.Debug|x64.ActiveCfg = Debug|Any CPU
		{6A47A78E-120D-47B8-B633-D32C114026AB}.Debug|x64.Build.0 = Debug|Any CPU
		{6A47A78E-120D-47B8-B633-D32C114026AB}.Debug|x86.ActiveCfg = Debug|Any CPU
		{6A47A78E-120D-47B8-B633-D32C114026AB}.Debug|x86.Build.0 = Debug|Any CPU
		{6A47A78E-120D-47B8-B633-D32C114026AB}.Release|Any CPU.ActiveCfg = Release|Any CPU
		{6A47A78E-120D-47B8-B633-D32C114026AB}.Release|Any CPU.Build.0 = Release|Any CPU
		{6A47A78E-120D-47B8-B633-D32C114026AB}.Release|ARM.ActiveCfg = Release|Any CPU
		{6A47A78E-120D-47B8-B633-D32C114026AB}.Release|ARM.Build.0 = Release|Any CPU
		{6A47A78E-120D-47B8-B633-D32C114026AB}.Release|iPhone.ActiveCfg = Release|Any CPU
		{6A47A78E-120D-47B8-B633-D32C114026AB}.Release|iPhone.Build.0 = Release|Any CPU
		{6A47A78E-120D-47B8-B633-D32C114026AB}.Release|iPhoneSimulator.ActiveCfg = Release|Any CPU
		{6A47A78E-120D-47B8-B633-D32C114026AB}.Release|iPhoneSimulator.Build.0 = Release|Any CPU
		{6A47A78E-120D-47B8-B633-D32C114026AB}.Release|x64.ActiveCfg = Release|Any CPU
		{6A47A78E-120D-47B8-B633-D32C114026AB}.Release|x64.Build.0 = Release|Any CPU
		{6A47A78E-120D-47B8-B633-D32C114026AB}.Release|x86.ActiveCfg = Release|Any CPU
		{6A47A78E-120D-47B8-B633-D32C114026AB}.Release|x86.Build.0 = Release|Any CPU
	EndGlobalSection
	GlobalSection(SolutionProperties) = preSolution
		HideSolutionNode = FALSE
	EndGlobalSection
EndGlobal
